
Microsoft Visual Studio Solution File, Format Version 12.00
# Visual Studio 15
VisualStudioVersion = 15.0.28307.1062
MinimumVisualStudioVersion = 10.0.40219.1
Project("{FAE04EC0-301F-11D3-BF4B-00C04F79EFBC}") = "BiletOtomasyon", "BiletOtomasyon\BiletOtomasyon.csproj", "{4D2BB61B-1088-4BDE-8277-DB263CCD3784}"
EndProject
Global
	GlobalSection(SolutionConfigurationPlatforms) = preSolution
		Debug|Any CPU = Debug|Any CPU
		Release|Any CPU = Release|Any CPU
	EndGlobalSection
	GlobalSection(ProjectConfigurationPlatforms) = postSolution
		{4D2BB61B-1088-4BDE-8277-DB263CCD3784}.Debug|Any CPU.ActiveCfg = Debug|Any CPU
		{4D2BB61B-1088-4BDE-8277-DB263CCD3784}.Debug|Any CPU.Build.0 = Debug|Any CPU
		{4D2BB61B-1088-4BDE-8277-DB263CCD3784}.Release|Any CPU.ActiveCfg = Release|Any CPU
		{4D2BB61B-1088-4BDE-8277-DB263CCD3784}.Release|Any CPU.Build.0 = Release|Any CPU
	EndGlobalSection
	GlobalSection(SolutionProperties) = preSolution
		HideSolutionNode = FALSE
	EndGlobalSection
	GlobalSection(ExtensibilityGlobals) = postSolution
		SolutionGuid = {E13FA5F9-EDFF-4433-BEE3-583C6516C5C0}
	EndGlobalSection
EndGlobal
